
Microsoft Visual Studio Solution File, Format Version 12.00
# Visual Studio Version 17
VisualStudioVersion = 17.4.33110.190
MinimumVisualStudioVersion = 10.0.40219.1
Project("{FAE04EC0-301F-11D3-BF4B-00C04F79EFBC}") = "ExibitMeProject.Android", "ExibitMeProject\ExibitMeProject.Android\ExibitMeProject.Android.csproj", "{50B5987E-2080-4BC0-B155-D6C2E3F3A07E}"
EndProject
Project("{FAE04EC0-301F-11D3-BF4B-00C04F79EFBC}") = "ExibitMeProject.iOS", "ExibitMeProject\ExibitMeProject.iOS\ExibitMeProject.iOS.csproj", "{4DDC8D93-DE06-4AC1-B2A9-4BB5B7A967D1}"
EndProject
Project("{FAE04EC0-301F-11D3-BF4B-00C04F79EFBC}") = "ExibitMeProject", "ExibitMeProject\ExibitMeProject\ExibitMeProject.csproj", "{FEB0A942-42CF-42E9-9BA9-2B738C623DE7}"
EndProject
Global
	GlobalSection(SolutionConfigurationPlatforms) = preSolution
		Debug|Any CPU = Debug|Any CPU
		Debug|iPhone = Debug|iPhone
		Debug|iPhoneSimulator = Debug|iPhoneSimulator
		Release|Any CPU = Release|Any CPU
		Release|iPhone = Release|iPhone
		Release|iPhoneSimulator = Release|iPhoneSimulator
	EndGlobalSection
	GlobalSection(ProjectConfigurationPlatforms) = postSolution
		{50B5987E-2080-4BC0-B155-D6C2E3F3A07E}.Debug|Any CPU.ActiveCfg = Debug|Any CPU
		{50B5987E-2080-4BC0-B155-D6C2E3F3A07E}.Debug|Any CPU.Build.0 = Debug|Any CPU
		{50B5987E-2080-4BC0-B155-D6C2E3F3A07E}.Debug|Any CPU.Deploy.0 = Debug|Any CPU
		{50B5987E-2080-4BC0-B155-D6C2E3F3A07E}.Debug|iPhone.ActiveCfg = Debug|Any CPU
		{50B5987E-2080-4BC0-B155-D6C2E3F3A07E}.Debug|iPhone.Build.0 = Debug|Any CPU
		{50B5987E-2080-4BC0-B155-D6C2E3F3A07E}.Debug|iPhone.Deploy.0 = Debug|Any CPU
		{50B5987E-2080-4BC0-B155-D6C2E3F3A07E}.Debug|iPhoneSimulator.ActiveCfg = Debug|Any CPU
		{50B5987E-2080-4BC0-B155-D6C2E3F3A07E}.Debug|iPhoneSimulator.Build.0 = Debug|Any CPU
		{50B5987E-2080-4BC0-B155-D6C2E3F3A07E}.Debug|iPhoneSimulator.Deploy.0 = Debug|Any CPU
		{50B5987E-2080-4BC0-B155-D6C2E3F3A07E}.Release|Any CPU.ActiveCfg = Release|Any CPU
		{50B5987E-2080-4BC0-B155-D6C2E3F3A07E}.Release|Any CPU.Build.0 = Release|Any CPU
		{50B5987E-2080-4BC0-B155-D6C2E3F3A07E}.Release|Any CPU.Deploy.0 = Release|Any CPU
		{50B5987E-2080-4BC0-B155-D6C2E3F3A07E}.Release|iPhone.ActiveCfg = Release|Any CPU
		{50B5987E-2080-4BC0-B155-D6C2E3F3A07E}.Release|iPhone.Build.0 = Release|Any CPU
		{50B5987E-2080-4BC0-B155-D6C2E3F3A07E}.Release|iPhone.Deploy.0 = Release|Any CPU
		{50B5987E-2080-4BC0-B155-D6C2E3F3A07E}.Release|iPhoneSimulator.ActiveCfg = Release|Any CPU
		{50B5987E-2080-4BC0-B155-D6C2E3F3A07E}.Release|iPhoneSimulator.Build.0 = Release|Any CPU
		{50B5987E-2080-4BC0-B155-D6C2E3F3A07E}.Release|iPhoneSimulator.Deploy.0 = Release|Any CPU
		{4DDC8D93-DE06-4AC1-B2A9-4BB5B7A967D1}.Debug|Any CPU.ActiveCfg = Debug|iPhone
		{4DDC8D93-DE06-4AC1-B2A9-4BB5B7A967D1}.Debug|Any CPU.Build.0 = Debug|iPhone
		{4DDC8D93-DE06-4AC1-B2A9-4BB5B7A967D1}.Debug|Any CPU.Deploy.0 = Debug|iPhone
		{4DDC8D93-DE06-4AC1-B2A9-4BB5B7A967D1}.Debug|iPhone.ActiveCfg = Debug|iPhone
		{4DDC8D93-DE06-4AC1-B2A9-4BB5B7A967D1}.Debug|iPhone.Build.0 = Debug|iPhone
		{4DDC8D93-DE06-4AC1-B2A9-4BB5B7A967D1}.Debug|iPhone.Deploy.0 = Debug|iPhone
		{4DDC8D93-DE06-4AC1-B2A9-4BB5B7A967D1}.Debug|iPhoneSimulator.ActiveCfg = Debug|iPhoneSimulator
		{4DDC8D93-DE06-4AC1-B2A9-4BB5B7A967D1}.Debug|iPhoneSimulator.Build.0 = Debug|iPhoneSimulator
		{4DDC8D93-DE06-4AC1-B2A9-4BB5B7A967D1}.Debug|iPhoneSimulator.Deploy.0 = Debug|iPhoneSimulator
		{4DDC8D93-DE06-4AC1-B2A9-4BB5B7A967D1}.Release|Any CPU.ActiveCfg = Release|iPhoneSimulator
		{4DDC8D93-DE06-4AC1-B2A9-4BB5B7A967D1}.Release|Any CPU.Build.0 = Release|iPhoneSimulator
		{4DDC8D93-DE06-4AC1-B2A9-4BB5B7A967D1}.Release|Any CPU.Deploy.0 = Release|iPhoneSimulator
		{4DDC8D93-DE06-4AC1-B2A9-4BB5B7A967D1}.Release|iPhone.ActiveCfg = Release|iPhone
		{4DDC8D93-DE06-4AC1-B2A9-4BB5B7A967D1}.Release|iPhone.Build.0 = Release|iPhone
		{4DDC8D93-DE06-4AC1-B2A9-4BB5B7A967D1}.Release|iPhone.Deploy.0 = Release|iPhone
		{4DDC8D93-DE06-4AC1-B2A9-4BB5B7A967D1}.Release|iPhoneSimulator.ActiveCfg = Release|iPhoneSimulator
		{4DDC8D93-DE06-4AC1-B2A9-4BB5B7A967D1}.Release|iPhoneSimulator.Build.0 = Release|iPhoneSimulator
		{4DDC8D93-DE06-4AC1-B2A9-4BB5B7A967D1}.Release|iPhoneSimulator.Deploy.0 = Release|iPhoneSimulator
		{FEB0A942-42CF-42E9-9BA9-2B738C623DE7}.Debug|Any CPU.ActiveCfg = Debug|Any CPU
		{FEB0A942-42CF-42E9-9BA9-2B738C623DE7}.Debug|Any CPU.Build.0 = Debug|Any CPU
		{FEB0A942-42CF-42E9-9BA9-2B738C623DE7}.Debug|Any CPU.Deploy.0 = Debug|Any CPU
		{FEB0A942-42CF-42E9-9BA9-2B738C623DE7}.Debug|iPhone.ActiveCfg = Debug|Any CPU
		{FEB0A942-42CF-42E9-9BA9-2B738C623DE7}.Debug|iPhone.Build.0 = Debug|Any CPU
		{FEB0A942-42CF-42E9-9BA9-2B738C623DE7}.Debug|iPhone.Deploy.0 = Debug|Any CPU
		{FEB0A942-42CF-42E9-9BA9-2B738C623DE7}.Debug|iPhoneSimulator.ActiveCfg = Debug|Any CPU
		{FEB0A942-42CF-42E9-9BA9-2B738C623DE7}.Debug|iPhoneSimulator.Build.0 = Debug|Any CPU
		{FEB0A942-42CF-42E9-9BA9-2B738C623DE7}.Debug|iPhoneSimulator.Deploy.0 = Debug|Any CPU
		{FEB0A942-42CF-42E9-9BA9-2B738C623DE7}.Release|Any CPU.ActiveCfg = Release|Any CPU
		{FEB0A942-42CF-42E9-9BA9-2B738C623DE7}.Release|Any CPU.Build.0 = Release|Any CPU
		{FEB0A942-42CF-42E9-9BA9-2B738C623DE7}.Release|Any CPU.Deploy.0 = Release|Any CPU
		{FEB0A942-42CF-42E9-9BA9-2B738C623DE7}.Release|iPhone.ActiveCfg = Release|Any CPU
		{FEB0A942-42CF-42E9-9BA9-2B738C623DE7}.Release|iPhone.Build.0 = Release|Any CPU
		{FEB0A942-42CF-42E9-9BA9-2B738C623DE7}.Release|iPhone.Deploy.0 = Release|Any CPU
		{FEB0A942-42CF-42E9-9BA9-2B738C623DE7}.Release|iPhoneSimulator.ActiveCfg = Release|Any CPU
		{FEB0A942-42CF-42E9-9BA9-2B738C623DE7}.Release|iPhoneSimulator.Build.0 = Release|Any CPU
		{FEB0A942-42CF-42E9-9BA9-2B738C623DE7}.Release|iPhoneSimulator.Deploy.0 = Release|Any CPU
	EndGlobalSection
	GlobalSection(SolutionProperties) = preSolution
		HideSolutionNode = FALSE
	EndGlobalSection
	GlobalSection(ExtensibilityGlobals) = postSolution
		SolutionGuid = {0675FF01-08AA-40FE-BF4E-7F0DCD81C7AE}
	EndGlobalSection
EndGlobal
